
Microsoft Visual Studio Solution File, Format Version 12.00
# Visual Studio Version 17
VisualStudioVersion = 17.2.32630.192
MinimumVisualStudioVersion = 10.0.40219.1
Project("{FAE04EC0-301F-11D3-BF4B-00C04F79EFBC}") = "WinFormsApp2", "WinFormsApp2\WinFormsApp2.csproj", "{CF9E9569-F4A8-4F1F-8D59-4C323D81E8BD}"
EndProject
Global
	GlobalSection(SolutionConfigurationPlatforms) = preSolution
		Debug|Any CPU = Debug|Any CPU
		Release|Any CPU = Release|Any CPU
	EndGlobalSection
	GlobalSection(ProjectConfigurationPlatforms) = postSolution
		{CF9E9569-F4A8-4F1F-8D59-4C323D81E8BD}.Debug|Any CPU.ActiveCfg = Debug|Any CPU
		{CF9E9569-F4A8-4F1F-8D59-4C323D81E8BD}.Debug|Any CPU.Build.0 = Debug|Any CPU
		{CF9E9569-F4A8-4F1F-8D59-4C323D81E8BD}.Release|Any CPU.ActiveCfg = Release|Any CPU
		{CF9E9569-F4A8-4F1F-8D59-4C323D81E8BD}.Release|Any CPU.Build.0 = Release|Any CPU
	EndGlobalSection
	GlobalSection(SolutionProperties) = preSolution
		HideSolutionNode = FALSE
	EndGlobalSection
	GlobalSection(ExtensibilityGlobals) = postSolution
		SolutionGuid = {5C451B05-140E-474C-ADD8-18B591E5D331}
	EndGlobalSection
EndGlobal
